
Microsoft Visual Studio Solution File, Format Version 12.00
# Visual Studio Version 16
VisualStudioVersion = 16.0.30907.101
MinimumVisualStudioVersion = 10.0.40219.1
Project("{9A19103F-16F7-4668-BE54-9A1E7A4F7556}") = "PnPEcomDashBoard.Server", "PnPEcomDashBoard\Server\PnPEcomDashBoard.Server.csproj", "{AC2DA4AF-BE1D-43B0-81E2-AC2655914AEE}"
EndProject
Project("{9A19103F-16F7-4668-BE54-9A1E7A4F7556}") = "PnPEcomDashBoard.Client", "PnPEcomDashBoard\Client\PnPEcomDashBoard.Client.csproj", "{DB630232-552A-4E8D-86CB-DD9720C7430D}"
EndProject
Project("{9A19103F-16F7-4668-BE54-9A1E7A4F7556}") = "PnPEcomDashBoard.Shared", "PnPEcomDashBoard\Shared\PnPEcomDashBoard.Shared.csproj", "{82F8EFBF-8C69-4E71-AC6F-4B8A74C022A5}"
EndProject
Global
	GlobalSection(SolutionConfigurationPlatforms) = preSolution
		Debug|Any CPU = Debug|Any CPU
		Release|Any CPU = Release|Any CPU
	EndGlobalSection
	GlobalSection(ProjectConfigurationPlatforms) = postSolution
		{AC2DA4AF-BE1D-43B0-81E2-AC2655914AEE}.Debug|Any CPU.ActiveCfg = Debug|Any CPU
		{AC2DA4AF-BE1D-43B0-81E2-AC2655914AEE}.Debug|Any CPU.Build.0 = Debug|Any CPU
		{AC2DA4AF-BE1D-43B0-81E2-AC2655914AEE}.Release|Any CPU.ActiveCfg = Release|Any CPU
		{AC2DA4AF-BE1D-43B0-81E2-AC2655914AEE}.Release|Any CPU.Build.0 = Release|Any CPU
		{DB630232-552A-4E8D-86CB-DD9720C7430D}.Debug|Any CPU.ActiveCfg = Debug|Any CPU
		{DB630232-552A-4E8D-86CB-DD9720C7430D}.Debug|Any CPU.Build.0 = Debug|Any CPU
		{DB630232-552A-4E8D-86CB-DD9720C7430D}.Release|Any CPU.ActiveCfg = Release|Any CPU
		{DB630232-552A-4E8D-86CB-DD9720C7430D}.Release|Any CPU.Build.0 = Release|Any CPU
		{82F8EFBF-8C69-4E71-AC6F-4B8A74C022A5}.Debug|Any CPU.ActiveCfg = Debug|Any CPU
		{82F8EFBF-8C69-4E71-AC6F-4B8A74C022A5}.Debug|Any CPU.Build.0 = Debug|Any CPU
		{82F8EFBF-8C69-4E71-AC6F-4B8A74C022A5}.Release|Any CPU.ActiveCfg = Release|Any CPU
		{82F8EFBF-8C69-4E71-AC6F-4B8A74C022A5}.Release|Any CPU.Build.0 = Release|Any CPU
	EndGlobalSection
	GlobalSection(SolutionProperties) = preSolution
		HideSolutionNode = FALSE
	EndGlobalSection
	GlobalSection(ExtensibilityGlobals) = postSolution
		SolutionGuid = {1F65E745-B135-434D-BA68-7F0FAEEBF3C4}
	EndGlobalSection
EndGlobal
